{
  "name": "irradix",
  "version": "1.1.1",
  "lockfileVersion": 2,
  "requires": true,
  "packages": {
    "": {
      "name": "irradix",
      "version": "1.1.1",
      "license": "AGPL-3.0",
      "dependencies": {
        "bignumber.js": "^9.1.2",
        "decimal.js": "latest",
        "decimal.js-light": "^2.5.1"
      }
    },
    "node_modules/bignumber.js": {
      "version": "9.1.2",
      "resolved": "https://registry.npmjs.org/bignumber.js/-/bignumber.js-9.1.2.tgz",
      "integrity": "sha512-2/mKyZH9K85bzOEfhXDBFZTGd1CTs+5IHpeFQo9luiBG7hghdC851Pj2WAhb6E3R6b9tZj/XKhbg4fum+Kepug==",
      "license": "MIT",
      "engines": {
        "node": "*"
      }
    },
    "node_modules/decimal.js": {
      "version": "10.4.1",
      "resolved": "https://registry.npmjs.org/decimal.js/-/decimal.js-10.4.1.tgz",
      "integrity": "sha512-F29o+vci4DodHYT9UrR5IEbfBw9pE5eSapIJdTqXK5+6hq+t8VRxwQyKlW2i+KDKFkkJQRvFyI/QXD83h8LyQw=="
    },
    "node_modules/decimal.js-light": {
      "version": "2.5.1",
      "resolved": "https://registry.npmjs.org/decimal.js-light/-/decimal.js-light-2.5.1.tgz",
      "integrity": "sha512-qIMFpTMZmny+MMIitAB6D7iVPEorVw6YQRWkvarTkT4tBeSLLiHzcwj6q0MmYSFCiVpiqPJTJEYIrpcPzVEIvg==",
      "license": "MIT"
    }
  },
  "dependencies": {
    "bignumber.js": {
      "version": "9.1.2",
      "resolved": "https://registry.npmjs.org/bignumber.js/-/bignumber.js-9.1.2.tgz",
      "integrity": "sha512-2/mKyZH9K85bzOEfhXDBFZTGd1CTs+5IHpeFQo9luiBG7hghdC851Pj2WAhb6E3R6b9tZj/XKhbg4fum+Kepug=="
    },
    "decimal.js": {
      "version": "10.4.1",
      "resolved": "https://registry.npmjs.org/decimal.js/-/decimal.js-10.4.1.tgz",
      "integrity": "sha512-F29o+vci4DodHYT9UrR5IEbfBw9pE5eSapIJdTqXK5+6hq+t8VRxwQyKlW2i+KDKFkkJQRvFyI/QXD83h8LyQw=="
    },
    "decimal.js-light": {
      "version": "2.5.1",
      "resolved": "https://registry.npmjs.org/decimal.js-light/-/decimal.js-light-2.5.1.tgz",
      "integrity": "sha512-qIMFpTMZmny+MMIitAB6D7iVPEorVw6YQRWkvarTkT4tBeSLLiHzcwj6q0MmYSFCiVpiqPJTJEYIrpcPzVEIvg=="
    }
  }
}
